// !$*UTF8*$!
{
	archiveVersion = 1;
	classes = {
	};
	objectVersion = 50;
	objects = {

/* Begin PBXBuildFile section */
		06A69C77338FD5746A741769 /* Pods_MapPathToPin.framework in Frameworks */ = {isa = PBXBuildFile; fileRef = DF1480D163B78CE0E5660848 /* Pods_MapPathToPin.framework */; };
		5954CF69216F6BEF00A1AEF2 /* AppDelegate.swift in Sources */ = {isa = PBXBuildFile; fileRef = 5954CF68216F6BEF00A1AEF2 /* AppDelegate.swift */; };
		5954CF6B216F6BEF00A1AEF2 /* MapVC.swift in Sources */ = {isa = PBXBuildFile; fileRef = 5954CF6A216F6BEF00A1AEF2 /* MapVC.swift */; };
		5954CF6E216F6BEF00A1AEF2 /* Main.storyboard in Resources */ = {isa = PBXBuildFile; fileRef = 5954CF6C216F6BEF00A1AEF2 /* Main.storyboard */; };
		5954CF70216F6BF700A1AEF2 /* Assets.xcassets in Resources */ = {isa = PBXBuildFile; fileRef = 5954CF6F216F6BF700A1AEF2 /* Assets.xcassets */; };
		5954CF73216F6BF700A1AEF2 /* LaunchScreen.storyboard in Resources */ = {isa = PBXBuildFile; fileRef = 5954CF71216F6BF700A1AEF2 /* LaunchScreen.storyboard */; };
		5954CF7D216F712E00A1AEF2 /* Utils.swift in Sources */ = {isa = PBXBuildFile; fileRef = 5954CF7C216F712E00A1AEF2 /* Utils.swift */; };
		5954CF7F216F718500A1AEF2 /* Constants.swift in Sources */ = {isa = PBXBuildFile; fileRef = 5954CF7E216F718500A1AEF2 /* Constants.swift */; };
		5954CF8B216F7AD100A1AEF2 /* OrderML.swift in Sources */ = {isa = PBXBuildFile; fileRef = 5954CF8A216F7AD100A1AEF2 /* OrderML.swift */; };
		5954CF8E216F7C5800A1AEF2 /* ExtDecodable.swift in Sources */ = {isa = PBXBuildFile; fileRef = 5954CF8D216F7C5800A1AEF2 /* ExtDecodable.swift */; };
		5954CF90216F889A00A1AEF2 /* BaseRouter.swift in Sources */ = {isa = PBXBuildFile; fileRef = 5954CF8F216F889A00A1AEF2 /* BaseRouter.swift */; };
		5954CF92216F88F300A1AEF2 /* OrderRouter.swift in Sources */ = {isa = PBXBuildFile; fileRef = 5954CF91216F88F300A1AEF2 /* OrderRouter.swift */; };
		5954CF94216F8DD100A1AEF2 /* APIManager.swift in Sources */ = {isa = PBXBuildFile; fileRef = 5954CF93216F8DD100A1AEF2 /* APIManager.swift */; };
		5954CF97216F8E2700A1AEF2 /* NetworkManager.swift in Sources */ = {isa = PBXBuildFile; fileRef = 5954CF96216F8E2700A1AEF2 /* NetworkManager.swift */; };
/* End PBXBuildFile section */

/* Begin PBXFileReference section */
		04822066EB0426DFCDDCF9A4 /* Pods-MapPathToPin.release.xcconfig */ = {isa = PBXFileReference; includeInIndex = 1; lastKnownFileType = text.xcconfig; name = "Pods-MapPathToPin.release.xcconfig"; path = "Pods/Target Support Files/Pods-MapPathToPin/Pods-MapPathToPin.release.xcconfig"; sourceTree = "<group>"; };
		5954CF65216F6BEF00A1AEF2 /* MapPathToPin.app */ = {isa = PBXFileReference; explicitFileType = wrapper.application; includeInIndex = 0; path = MapPathToPin.app; sourceTree = BUILT_PRODUCTS_DIR; };
		5954CF68216F6BEF00A1AEF2 /* AppDelegate.swift */ = {isa = PBXFileReference; lastKnownFileType = sourcecode.swift; path = AppDelegate.swift; sourceTree = "<group>"; };
		5954CF6A216F6BEF00A1AEF2 /* MapVC.swift */ = {isa = PBXFileReference; lastKnownFileType = sourcecode.swift; path = MapVC.swift; sourceTree = "<group>"; };
		5954CF6D216F6BEF00A1AEF2 /* Base */ = {isa = PBXFileReference; lastKnownFileType = file.storyboard; name = Base; path = Base.lproj/Main.storyboard; sourceTree = "<group>"; };
		5954CF6F216F6BF700A1AEF2 /* Assets.xcassets */ = {isa = PBXFileReference; lastKnownFileType = folder.assetcatalog; path = Assets.xcassets; sourceTree = "<group>"; };
		5954CF72216F6BF700A1AEF2 /* Base */ = {isa = PBXFileReference; lastKnownFileType = file.storyboard; name = Base; path = Base.lproj/LaunchScreen.storyboard; sourceTree = "<group>"; };
		5954CF74216F6BF700A1AEF2 /* Info.plist */ = {isa = PBXFileReference; lastKnownFileType = text.plist.xml; path = Info.plist; sourceTree = "<group>"; };
		5954CF7C216F712E00A1AEF2 /* Utils.swift */ = {isa = PBXFileReference; lastKnownFileType = sourcecode.swift; path = Utils.swift; sourceTree = "<group>"; };
		5954CF7E216F718500A1AEF2 /* Constants.swift */ = {isa = PBXFileReference; lastKnownFileType = sourcecode.swift; path = Constants.swift; sourceTree = "<group>"; };
		5954CF8A216F7AD100A1AEF2 /* OrderML.swift */ = {isa = PBXFileReference; lastKnownFileType = sourcecode.swift; path = OrderML.swift; sourceTree = "<group>"; };
		5954CF8D216F7C5800A1AEF2 /* ExtDecodable.swift */ = {isa = PBXFileReference; lastKnownFileType = sourcecode.swift; path = ExtDecodable.swift; sourceTree = "<group>"; };
		5954CF8F216F889A00A1AEF2 /* BaseRouter.swift */ = {isa = PBXFileReference; lastKnownFileType = sourcecode.swift; path = BaseRouter.swift; sourceTree = "<group>"; };
		5954CF91216F88F300A1AEF2 /* OrderRouter.swift */ = {isa = PBXFileReference; lastKnownFileType = sourcecode.swift; path = OrderRouter.swift; sourceTree = "<group>"; };
		5954CF93216F8DD100A1AEF2 /* APIManager.swift */ = {isa = PBXFileReference; lastKnownFileType = sourcecode.swift; path = APIManager.swift; sourceTree = "<group>"; };
		5954CF96216F8E2700A1AEF2 /* NetworkManager.swift */ = {isa = PBXFileReference; lastKnownFileType = sourcecode.swift; path = NetworkManager.swift; sourceTree = "<group>"; };
		DF1480D163B78CE0E5660848 /* Pods_MapPathToPin.framework */ = {isa = PBXFileReference; explicitFileType = wrapper.framework; includeInIndex = 0; path = Pods_MapPathToPin.framework; sourceTree = BUILT_PRODUCTS_DIR; };
		EC2266052B3D7EA5B4A9F1EA /* Pods-MapPathToPin.debug.xcconfig */ = {isa = PBXFileReference; includeInIndex = 1; lastKnownFileType = text.xcconfig; name = "Pods-MapPathToPin.debug.xcconfig"; path = "Pods/Target Support Files/Pods-MapPathToPin/Pods-MapPathToPin.debug.xcconfig"; sourceTree = "<group>"; };
/* End PBXFileReference section */

/* Begin PBXFrameworksBuildPhase section */
		5954CF62216F6BEF00A1AEF2 /* Frameworks */ = {
			isa = PBXFrameworksBuildPhase;
			buildActionMask = 2147483647;
			files = (
				06A69C77338FD5746A741769 /* Pods_MapPathToPin.framework in Frameworks */,
			);
			runOnlyForDeploymentPostprocessing = 0;
		};
/* End PBXFrameworksBuildPhase section */

/* Begin PBXGroup section */
		121F89968FDD6822D0585CB4 /* Pods */ = {
			isa = PBXGroup;
			children = (
				EC2266052B3D7EA5B4A9F1EA /* Pods-MapPathToPin.debug.xcconfig */,
				04822066EB0426DFCDDCF9A4 /* Pods-MapPathToPin.release.xcconfig */,
			);
			name = Pods;
			sourceTree = "<group>";
		};
		3156FFF8ABF5D8A9A2DC5F04 /* Frameworks */ = {
			isa = PBXGroup;
			children = (
				DF1480D163B78CE0E5660848 /* Pods_MapPathToPin.framework */,
			);
			name = Frameworks;
			sourceTree = "<group>";
		};
		5954CF5C216F6BEF00A1AEF2 = {
			isa = PBXGroup;
			children = (
				5954CF67216F6BEF00A1AEF2 /* MapPathToPin */,
				5954CF66216F6BEF00A1AEF2 /* Products */,
				121F89968FDD6822D0585CB4 /* Pods */,
				3156FFF8ABF5D8A9A2DC5F04 /* Frameworks */,
			);
			sourceTree = "<group>";
		};
		5954CF66216F6BEF00A1AEF2 /* Products */ = {
			isa = PBXGroup;
			children = (
				5954CF65216F6BEF00A1AEF2 /* MapPathToPin.app */,
			);
			name = Products;
			sourceTree = "<group>";
		};
		5954CF67216F6BEF00A1AEF2 /* MapPathToPin */ = {
			isa = PBXGroup;
			children = (
				5954CF68216F6BEF00A1AEF2 /* AppDelegate.swift */,
				5954CF7B216F711B00A1AEF2 /* Utils */,
				5954CF81216F797000A1AEF2 /* UI */,
				5954CF85216F7A0100A1AEF2 /* Connectivity */,
				5954CF80216F794C00A1AEF2 /* Supporting Files */,
			);
			path = MapPathToPin;
			sourceTree = "<group>";
		};
		5954CF7B216F711B00A1AEF2 /* Utils */ = {
			isa = PBXGroup;
			children = (
				5954CF95216F8E1800A1AEF2 /* NetworkManager */,
				5954CF8C216F7C4800A1AEF2 /* Extensions */,
				5954CF7C216F712E00A1AEF2 /* Utils.swift */,
				5954CF7E216F718500A1AEF2 /* Constants.swift */,
			);
			path = Utils;
			sourceTree = "<group>";
		};
		5954CF80216F794C00A1AEF2 /* Supporting Files */ = {
			isa = PBXGroup;
			children = (
				5954CF6F216F6BF700A1AEF2 /* Assets.xcassets */,
				5954CF74216F6BF700A1AEF2 /* Info.plist */,
			);
			path = "Supporting Files";
			sourceTree = "<group>";
		};
		5954CF81216F797000A1AEF2 /* UI */ = {
			isa = PBXGroup;
			children = (
				5954CF83216F79A200A1AEF2 /* ViewControllers */,
				5954CF82216F797500A1AEF2 /* Storyboads */,
			);
			path = UI;
			sourceTree = "<group>";
		};
		5954CF82216F797500A1AEF2 /* Storyboads */ = {
			isa = PBXGroup;
			children = (
				5954CF6C216F6BEF00A1AEF2 /* Main.storyboard */,
				5954CF71216F6BF700A1AEF2 /* LaunchScreen.storyboard */,
			);
			path = Storyboads;
			sourceTree = "<group>";
		};
		5954CF83216F79A200A1AEF2 /* ViewControllers */ = {
			isa = PBXGroup;
			children = (
				5954CF84216F79B200A1AEF2 /* MapVC */,
			);
			path = ViewControllers;
			sourceTree = "<group>";
		};
		5954CF84216F79B200A1AEF2 /* MapVC */ = {
			isa = PBXGroup;
			children = (
				5954CF6A216F6BEF00A1AEF2 /* MapVC.swift */,
			);
			path = MapVC;
			sourceTree = "<group>";
		};
		5954CF85216F7A0100A1AEF2 /* Connectivity */ = {
			isa = PBXGroup;
			children = (
				5954CF86216F7A1300A1AEF2 /* APIModels */,
				5954CF87216F7A1E00A1AEF2 /* ServerAPI */,
			);
			path = Connectivity;
			sourceTree = "<group>";
		};
		5954CF86216F7A1300A1AEF2 /* APIModels */ = {
			isa = PBXGroup;
			children = (
				5954CF89216F7ABF00A1AEF2 /* OrderML */,
			);
			path = APIModels;
			sourceTree = "<group>";
		};
		5954CF87216F7A1E00A1AEF2 /* ServerAPI */ = {
			isa = PBXGroup;
			children = (
				5954CF88216F7A2F00A1AEF2 /* APIRouters */,
				5954CF93216F8DD100A1AEF2 /* APIManager.swift */,
			);
			path = ServerAPI;
			sourceTree = "<group>";
		};
		5954CF88216F7A2F00A1AEF2 /* APIRouters */ = {
			isa = PBXGroup;
			children = (
				5954CF8F216F889A00A1AEF2 /* BaseRouter.swift */,
				5954CF91216F88F300A1AEF2 /* OrderRouter.swift */,
			);
			path = APIRouters;
			sourceTree = "<group>";
		};
		5954CF89216F7ABF00A1AEF2 /* OrderML */ = {
			isa = PBXGroup;
			children = (
				5954CF8A216F7AD100A1AEF2 /* OrderML.swift */,
			);
			path = OrderML;
			sourceTree = "<group>";
		};
		5954CF8C216F7C4800A1AEF2 /* Extensions */ = {
			isa = PBXGroup;
			children = (
				5954CF8D216F7C5800A1AEF2 /* ExtDecodable.swift */,
			);
			path = Extensions;
			sourceTree = "<group>";
		};
		5954CF95216F8E1800A1AEF2 /* NetworkManager */ = {
			isa = PBXGroup;
			children = (
				5954CF96216F8E2700A1AEF2 /* NetworkManager.swift */,
			);
			path = NetworkManager;
			sourceTree = "<group>";
		};
/* End PBXGroup section */

/* Begin PBXNativeTarget section */
		5954CF64216F6BEF00A1AEF2 /* MapPathToPin */ = {
			isa = PBXNativeTarget;
			buildConfigurationList = 5954CF77216F6BF700A1AEF2 /* Build configuration list for PBXNativeTarget "MapPathToPin" */;
			buildPhases = (
				CD31686E99583C66021C893E /* [CP] Check Pods Manifest.lock */,
				5954CF61216F6BEF00A1AEF2 /* Sources */,
				5954CF62216F6BEF00A1AEF2 /* Frameworks */,
				5954CF63216F6BEF00A1AEF2 /* Resources */,
				1BDD26988BF964B7D22DA4E3 /* [CP] Embed Pods Frameworks */,
			);
			buildRules = (
			);
			dependencies = (
			);
			name = MapPathToPin;
			productName = MapPathToPin;
			productReference = 5954CF65216F6BEF00A1AEF2 /* MapPathToPin.app */;
			productType = "com.apple.product-type.application";
		};
/* End PBXNativeTarget section */

/* Begin PBXProject section */
		5954CF5D216F6BEF00A1AEF2 /* Project object */ = {
			isa = PBXProject;
			attributes = {
				LastSwiftUpdateCheck = 1000;
				LastUpgradeCheck = 1000;
				ORGANIZATIONNAME = "Mykhailo Zabarin";
				TargetAttributes = {
					5954CF64216F6BEF00A1AEF2 = {
						CreatedOnToolsVersion = 10.0;
					};
				};
			};
			buildConfigurationList = 5954CF60216F6BEF00A1AEF2 /* Build configuration list for PBXProject "MapPathToPin" */;
			compatibilityVersion = "Xcode 9.3";
			developmentRegion = en;
			hasScannedForEncodings = 0;
			knownRegions = (
				en,
				Base,
			);
			mainGroup = 5954CF5C216F6BEF00A1AEF2;
			productRefGroup = 5954CF66216F6BEF00A1AEF2 /* Products */;
			projectDirPath = "";
			projectRoot = "";
			targets = (
				5954CF64216F6BEF00A1AEF2 /* MapPathToPin */,
			);
		};
/* End PBXProject section */

/* Begin PBXResourcesBuildPhase section */
		5954CF63216F6BEF00A1AEF2 /* Resources */ = {
			isa = PBXResourcesBuildPhase;
			buildActionMask = 2147483647;
			files = (
				5954CF73216F6BF700A1AEF2 /* LaunchScreen.storyboard in Resources */,
				5954CF70216F6BF700A1AEF2 /* Assets.xcassets in Resources */,
				5954CF6E216F6BEF00A1AEF2 /* Main.storyboard in Resources */,
			);
			runOnlyForDeploymentPostprocessing = 0;
		};
/* End PBXResourcesBuildPhase section */

/* Begin PBXShellScriptBuildPhase section */
		1BDD26988BF964B7D22DA4E3 /* [CP] Embed Pods Frameworks */ = {
			isa = PBXShellScriptBuildPhase;
			buildActionMask = 2147483647;
			files = (
			);
			inputFileListPaths = (
			);
			inputPaths = (
				"${SRCROOT}/Pods/Target Support Files/Pods-MapPathToPin/Pods-MapPathToPin-frameworks.sh",
				"${BUILT_PRODUCTS_DIR}/Alamofire/Alamofire.framework",
				"${BUILT_PRODUCTS_DIR}/JGProgressHUD/JGProgressHUD.framework",
				"${BUILT_PRODUCTS_DIR}/ReachabilitySwift/Reachability.framework",
			);
			name = "[CP] Embed Pods Frameworks";
			outputFileListPaths = (
			);
			outputPaths = (
				"${TARGET_BUILD_DIR}/${FRAMEWORKS_FOLDER_PATH}/Alamofire.framework",
				"${TARGET_BUILD_DIR}/${FRAMEWORKS_FOLDER_PATH}/JGProgressHUD.framework",
				"${TARGET_BUILD_DIR}/${FRAMEWORKS_FOLDER_PATH}/Reachability.framework",
			);
			runOnlyForDeploymentPostprocessing = 0;
			shellPath = /bin/sh;
			shellScript = "\"${SRCROOT}/Pods/Target Support Files/Pods-MapPathToPin/Pods-MapPathToPin-frameworks.sh\"\n";
			showEnvVarsInLog = 0;
		};
		CD31686E99583C66021C893E /* [CP] Check Pods Manifest.lock */ = {
			isa = PBXShellScriptBuildPhase;
			buildActionMask = 2147483647;
			files = (
			);
			inputFileListPaths = (
			);
			inputPaths = (
				"${PODS_PODFILE_DIR_PATH}/Podfile.lock",
				"${PODS_ROOT}/Manifest.lock",
			);
			name = "[CP] Check Pods Manifest.lock";
			outputFileListPaths = (
			);
			outputPaths = (
				"$(DERIVED_FILE_DIR)/Pods-MapPathToPin-checkManifestLockResult.txt",
			);
			runOnlyForDeploymentPostprocessing = 0;
			shellPath = /bin/sh;
			shellScript = "diff \"${PODS_PODFILE_DIR_PATH}/Podfile.lock\" \"${PODS_ROOT}/Manifest.lock\" > /dev/null\nif [ $? != 0 ] ; then\n    # print error to STDERR\n    echo \"error: The sandbox is not in sync with the Podfile.lock. Run 'pod install' or update your CocoaPods installation.\" >&2\n    exit 1\nfi\n# This output is used by Xcode 'outputs' to avoid re-running this script phase.\necho \"SUCCESS\" > \"${SCRIPT_OUTPUT_FILE_0}\"\n";
			showEnvVarsInLog = 0;
		};
/* End PBXShellScriptBuildPhase section */

/* Begin PBXSourcesBuildPhase section */
		5954CF61216F6BEF00A1AEF2 /* Sources */ = {
			isa = PBXSourcesBuildPhase;
			buildActionMask = 2147483647;
			files = (
				5954CF6B216F6BEF00A1AEF2 /* MapVC.swift in Sources */,
				5954CF92216F88F300A1AEF2 /* OrderRouter.swift in Sources */,
				5954CF97216F8E2700A1AEF2 /* NetworkManager.swift in Sources */,
				5954CF8E216F7C5800A1AEF2 /* ExtDecodable.swift in Sources */,
				5954CF94216F8DD100A1AEF2 /* APIManager.swift in Sources */,
				5954CF90216F889A00A1AEF2 /* BaseRouter.swift in Sources */,
				5954CF69216F6BEF00A1AEF2 /* AppDelegate.swift in Sources */,
				5954CF7D216F712E00A1AEF2 /* Utils.swift in Sources */,
				5954CF7F216F718500A1AEF2 /* Constants.swift in Sources */,
				5954CF8B216F7AD100A1AEF2 /* OrderML.swift in Sources */,
			);
			runOnlyForDeploymentPostprocessing = 0;
		};
/* End PBXSourcesBuildPhase section */

/* Begin PBXVariantGroup section */
		5954CF6C216F6BEF00A1AEF2 /* Main.storyboard */ = {
			isa = PBXVariantGroup;
			children = (
				5954CF6D216F6BEF00A1AEF2 /* Base */,
			);
			name = Main.storyboard;
			sourceTree = "<group>";
		};
		5954CF71216F6BF700A1AEF2 /* LaunchScreen.storyboard */ = {
			isa = PBXVariantGroup;
			children = (
				5954CF72216F6BF700A1AEF2 /* Base */,
			);
			name = LaunchScreen.storyboard;
			sourceTree = "<group>";
		};
/* End PBXVariantGroup section */

/* Begin XCBuildConfiguration section */
		5954CF75216F6BF700A1AEF2 /* Debug */ = {
			isa = XCBuildConfiguration;
			buildSettings = {
				ALWAYS_SEARCH_USER_PATHS = NO;
				CLANG_ANALYZER_NONNULL = YES;
				CLANG_ANALYZER_NUMBER_OBJECT_CONVERSION = YES_AGGRESSIVE;
				CLANG_CXX_LANGUAGE_STANDARD = "gnu++14";
				CLANG_CXX_LIBRARY = "libc++";
				CLANG_ENABLE_MODULES = YES;
				CLANG_ENABLE_OBJC_ARC = YES;
				CLANG_ENABLE_OBJC_WEAK = YES;
				CLANG_WARN_BLOCK_CAPTURE_AUTORELEASING = YES;
				CLANG_WARN_BOOL_CONVERSION = YES;
				CLANG_WARN_COMMA = YES;
				CLANG_WARN_CONSTANT_CONVERSION = YES;
				CLANG_WARN_DEPRECATED_OBJC_IMPLEMENTATIONS = YES;
				CLANG_WARN_DIRECT_OBJC_ISA_USAGE = YES_ERROR;
				CLANG_WARN_DOCUMENTATION_COMMENTS = YES;
				CLANG_WARN_EMPTY_BODY = YES;
				CLANG_WARN_ENUM_CONVERSION = YES;
				CLANG_WARN_INFINITE_RECURSION = YES;
				CLANG_WARN_INT_CONVERSION = YES;
				CLANG_WARN_NON_LITERAL_NULL_CONVERSION = YES;
				CLANG_WARN_OBJC_IMPLICIT_RETAIN_SELF = YES;
				CLANG_WARN_OBJC_LITERAL_CONVERSION = YES;
				CLANG_WARN_OBJC_ROOT_CLASS = YES_ERROR;
				CLANG_WARN_RANGE_LOOP_ANALYSIS = YES;
				CLANG_WARN_STRICT_PROTOTYPES = YES;
				CLANG_WARN_SUSPICIOUS_MOVE = YES;
				CLANG_WARN_UNGUARDED_AVAILABILITY = YES_AGGRESSIVE;
				CLANG_WARN_UNREACHABLE_CODE = YES;
				CLANG_WARN__DUPLICATE_METHOD_MATCH = YES;
				CODE_SIGN_IDENTITY = "iPhone Developer";
				COPY_PHASE_STRIP = NO;
				DEBUG_INFORMATION_FORMAT = dwarf;
				ENABLE_STRICT_OBJC_MSGSEND = YES;
				ENABLE_TESTABILITY = YES;
				GCC_C_LANGUAGE_STANDARD = gnu11;
				GCC_DYNAMIC_NO_PIC = NO;
				GCC_NO_COMMON_BLOCKS = YES;
				GCC_OPTIMIZATION_LEVEL = 0;
				GCC_PREPROCESSOR_DEFINITIONS = (
					"DEBUG=1",
					"$(inherited)",
				);
				GCC_WARN_64_TO_32_BIT_CONVERSION = YES;
				GCC_WARN_ABOUT_RETURN_TYPE = YES_ERROR;
				GCC_WARN_UNDECLARED_SELECTOR = YES;
				GCC_WARN_UNINITIALIZED_AUTOS = YES_AGGRESSIVE;
				GCC_WARN_UNUSED_FUNCTION = YES;
				GCC_WARN_UNUSED_VARIABLE = YES;
				IPHONEOS_DEPLOYMENT_TARGET = 12.0;
				MTL_ENABLE_DEBUG_INFO = INCLUDE_SOURCE;
				MTL_FAST_MATH = YES;
				ONLY_ACTIVE_ARCH = YES;
				SDKROOT = iphoneos;
				SWIFT_ACTIVE_COMPILATION_CONDITIONS = DEBUG;
				SWIFT_OPTIMIZATION_LEVEL = "-Onone";
			};
			name = Debug;
		};
		5954CF76216F6BF700A1AEF2 /* Release */ = {
			isa = XCBuildConfiguration;
			buildSettings = {
				ALWAYS_SEARCH_USER_PATHS = NO;
				CLANG_ANALYZER_NONNULL = YES;
				CLANG_ANALYZER_NUMBER_OBJECT_CONVERSION = YES_AGGRESSIVE;
				CLANG_CXX_LANGUAGE_STANDARD = "gnu++14";
				CLANG_CXX_LIBRARY = "libc++";
				CLANG_ENABLE_MODULES = YES;
				CLANG_ENABLE_OBJC_ARC = YES;
				CLANG_ENABLE_OBJC_WEAK = YES;
				CLANG_WARN_BLOCK_CAPTURE_AUTORELEASING = YES;
				CLANG_WARN_BOOL_CONVERSION = YES;
				CLANG_WARN_COMMA = YES;
				CLANG_WARN_CONSTANT_CONVERSION = YES;
				CLANG_WARN_DEPRECATED_OBJC_IMPLEMENTATIONS = YES;
				CLANG_WARN_DIRECT_OBJC_ISA_USAGE = YES_ERROR;
				CLANG_WARN_DOCUMENTATION_COMMENTS = YES;
				CLANG_WARN_EMPTY_BODY = YES;
				CLANG_WARN_ENUM_CONVERSION = YES;
				CLANG_WARN_INFINITE_RECURSION = YES;
				CLANG_WARN_INT_CONVERSION = YES;
				CLANG_WARN_NON_LITERAL_NULL_CONVERSION = YES;
				CLANG_WARN_OBJC_IMPLICIT_RETAIN_SELF = YES;
				CLANG_WARN_OBJC_LITERAL_CONVERSION = YES;
				CLANG_WARN_OBJC_ROOT_CLASS = YES_ERROR;
				CLANG_WARN_RANGE_LOOP_ANALYSIS = YES;
				CLANG_WARN_STRICT_PROTOTYPES = YES;
				CLANG_WARN_SUSPICIOUS_MOVE = YES;
				CLANG_WARN_UNGUARDED_AVAILABILITY = YES_AGGRESSIVE;
				CLANG_WARN_UNREACHABLE_CODE = YES;
				CLANG_WARN__DUPLICATE_METHOD_MATCH = YES;
				CODE_SIGN_IDENTITY = "iPhone Developer";
				COPY_PHASE_STRIP = NO;
				DEBUG_INFORMATION_FORMAT = "dwarf-with-dsym";
				ENABLE_NS_ASSERTIONS = NO;
				ENABLE_STRICT_OBJC_MSGSEND = YES;
				GCC_C_LANGUAGE_STANDARD = gnu11;
				GCC_NO_COMMON_BLOCKS = YES;
				GCC_WARN_64_TO_32_BIT_CONVERSION = YES;
				GCC_WARN_ABOUT_RETURN_TYPE = YES_ERROR;
				GCC_WARN_UNDECLARED_SELECTOR = YES;
				GCC_WARN_UNINITIALIZED_AUTOS = YES_AGGRESSIVE;
				GCC_WARN_UNUSED_FUNCTION = YES;
				GCC_WARN_UNUSED_VARIABLE = YES;
				IPHONEOS_DEPLOYMENT_TARGET = 12.0;
				MTL_ENABLE_DEBUG_INFO = NO;
				MTL_FAST_MATH = YES;
				SDKROOT = iphoneos;
				SWIFT_COMPILATION_MODE = wholemodule;
				SWIFT_OPTIMIZATION_LEVEL = "-O";
				VALIDATE_PRODUCT = YES;
			};
			name = Release;
		};
		5954CF78216F6BF700A1AEF2 /* Debug */ = {
			isa = XCBuildConfiguration;
			baseConfigurationReference = EC2266052B3D7EA5B4A9F1EA /* Pods-MapPathToPin.debug.xcconfig */;
			buildSettings = {
				ASSETCATALOG_COMPILER_APPICON_NAME = AppIcon;
				CODE_SIGN_STYLE = Automatic;
				DEVELOPMENT_TEAM = E4WSQJ8FEJ;
				INFOPLIST_FILE = "$(SRCROOT)/MapPathToPin/Supporting Files/Info.plist";
				LD_RUNPATH_SEARCH_PATHS = (
					"$(inherited)",
					"@executable_path/Frameworks",
				);
				PRODUCT_BUNDLE_IDENTIFIER = com.nirabaz.MapPathToPin;
				PRODUCT_NAME = "$(TARGET_NAME)";
				SWIFT_VERSION = 4.2;
				TARGETED_DEVICE_FAMILY = "1,2";
			};
			name = Debug;
		};
		5954CF79216F6BF700A1AEF2 /* Release */ = {
			isa = XCBuildConfiguration;
			baseConfigurationReference = 04822066EB0426DFCDDCF9A4 /* Pods-MapPathToPin.release.xcconfig */;
			buildSettings = {
				ASSETCATALOG_COMPILER_APPICON_NAME = AppIcon;
				CODE_SIGN_STYLE = Automatic;
				DEVELOPMENT_TEAM = E4WSQJ8FEJ;
				INFOPLIST_FILE = "$(SRCROOT)/MapPathToPin/Supporting Files/Info.plist";
				LD_RUNPATH_SEARCH_PATHS = (
					"$(inherited)",
					"@executable_path/Frameworks",
				);
				PRODUCT_BUNDLE_IDENTIFIER = com.nirabaz.MapPathToPin;
				PRODUCT_NAME = "$(TARGET_NAME)";
				SWIFT_VERSION = 4.2;
				TARGETED_DEVICE_FAMILY = "1,2";
			};
			name = Release;
		};
/* End XCBuildConfiguration section */

/* Begin XCConfigurationList section */
		5954CF60216F6BEF00A1AEF2 /* Build configuration list for PBXProject "MapPathToPin" */ = {
			isa = XCConfigurationList;
			buildConfigurations = (
				5954CF75216F6BF700A1AEF2 /* Debug */,
				5954CF76216F6BF700A1AEF2 /* Release */,
			);
			defaultConfigurationIsVisible = 0;
			defaultConfigurationName = Release;
		};
		5954CF77216F6BF700A1AEF2 /* Build configuration list for PBXNativeTarget "MapPathToPin" */ = {
			isa = XCConfigurationList;
			buildConfigurations = (
				5954CF78216F6BF700A1AEF2 /* Debug */,
				5954CF79216F6BF700A1AEF2 /* Release */,
			);
			defaultConfigurationIsVisible = 0;
			defaultConfigurationName = Release;
		};
/* End XCConfigurationList section */
	};
	rootObject = 5954CF5D216F6BEF00A1AEF2 /* Project object */;
}
